// !$*UTF8*$!
{
	archiveVersion = 1;
	classes = {
	};
	objectVersion = 56;
	objects = {

/* Begin PBXBuildFile section */
		3108D1E32BCA0C7900A91C38 /* SceneDelegate.swift in Sources */ = {isa = PBXBuildFile; fileRef = 3108D1E22BCA0C7900A91C38 /* SceneDelegate.swift */; };
		3108D1EA2BCA0C7A00A91C38 /* Assets.xcassets in Resources */ = {isa = PBXBuildFile; fileRef = 3108D1E92BCA0C7A00A91C38 /* Assets.xcassets */; };
		3108D1ED2BCA0C7A00A91C38 /* Base in Resources */ = {isa = PBXBuildFile; fileRef = 3108D1EC2BCA0C7A00A91C38 /* Base */; };
		3108D1F82BCA0C7A00A91C38 /* RIBsProjectTests.swift in Sources */ = {isa = PBXBuildFile; fileRef = 3108D1F72BCA0C7A00A91C38 /* RIBsProjectTests.swift */; };
		3108D2022BCA0C7A00A91C38 /* RIBsProjectUITests.swift in Sources */ = {isa = PBXBuildFile; fileRef = 3108D2012BCA0C7A00A91C38 /* RIBsProjectUITests.swift */; };
		3108D2042BCA0C7A00A91C38 /* RIBsProjectUITestsLaunchTests.swift in Sources */ = {isa = PBXBuildFile; fileRef = 3108D2032BCA0C7A00A91C38 /* RIBsProjectUITestsLaunchTests.swift */; };
		3108D2582BCA0DA600A91C38 /* AppComponent.swift in Sources */ = {isa = PBXBuildFile; fileRef = 3108D22E2BCA0DA500A91C38 /* AppComponent.swift */; };
		3108D2592BCA0DA600A91C38 /* AppDelegate.swift in Sources */ = {isa = PBXBuildFile; fileRef = 3108D22F2BCA0DA500A91C38 /* AppDelegate.swift */; };
		3108D2622BCA0DA600A91C38 /* AppRootBuilder.swift in Sources */ = {isa = PBXBuildFile; fileRef = 3108D23B2BCA0DA500A91C38 /* AppRootBuilder.swift */; };
		3108D2632BCA0DA600A91C38 /* AppRootInteractor.swift in Sources */ = {isa = PBXBuildFile; fileRef = 3108D23C2BCA0DA500A91C38 /* AppRootInteractor.swift */; };
		3108D2642BCA0DA600A91C38 /* AppRootRouter.swift in Sources */ = {isa = PBXBuildFile; fileRef = 3108D23D2BCA0DA500A91C38 /* AppRootRouter.swift */; };
		3108D2652BCA0DA600A91C38 /* RootTabBarController.swift in Sources */ = {isa = PBXBuildFile; fileRef = 3108D23E2BCA0DA500A91C38 /* RootTabBarController.swift */; };
		3108D2682BCA0DCC00A91C38 /* SnapKit in Frameworks */ = {isa = PBXBuildFile; productRef = 3108D2672BCA0DCC00A91C38 /* SnapKit */; };
		3108D26B2BCA0DD500A91C38 /* ModernRIBs in Frameworks */ = {isa = PBXBuildFile; productRef = 3108D26A2BCA0DD500A91C38 /* ModernRIBs */; };
		3108D26E2BCA280B00A91C38 /* CombineExt in Frameworks */ = {isa = PBXBuildFile; productRef = 3108D26D2BCA280B00A91C38 /* CombineExt */; };
		3108D2C72BCC1BD100A91C38 /* AddPaymentMethod in Frameworks */ = {isa = PBXBuildFile; productRef = 3108D2C62BCC1BD100A91C38 /* AddPaymentMethod */; };
		3108D2CB2BCCF1CD00A91C38 /* FinanceEntity in Frameworks */ = {isa = PBXBuildFile; productRef = 3108D2CA2BCCF1CD00A91C38 /* FinanceEntity */; };
		3108D2CD2BCCF1CD00A91C38 /* FinanceRepository in Frameworks */ = {isa = PBXBuildFile; productRef = 3108D2CC2BCCF1CD00A91C38 /* FinanceRepository */; };
		3108D2CF2BCCF1CD00A91C38 /* CombineUtil in Frameworks */ = {isa = PBXBuildFile; productRef = 3108D2CE2BCCF1CD00A91C38 /* CombineUtil */; };
		3108D2D12BCCF1CD00A91C38 /* RIBsUtil in Frameworks */ = {isa = PBXBuildFile; productRef = 3108D2D02BCCF1CD00A91C38 /* RIBsUtil */; };
		3108D2D92BCCF4A100A91C38 /* Topup in Frameworks */ = {isa = PBXBuildFile; productRef = 3108D2D82BCCF4A100A91C38 /* Topup */; };
		3108D2DB2BCD096000A91C38 /* Finance in Frameworks */ = {isa = PBXBuildFile; productRef = 3108D2DA2BCD096000A91C38 /* Finance */; };
		3108D2DD2BCD0B0600A91C38 /* Transport in Frameworks */ = {isa = PBXBuildFile; productRef = 3108D2DC2BCD0B0600A91C38 /* Transport */; };
		314996512BCD0D6B00E4E0CF /* SuperUI in Frameworks */ = {isa = PBXBuildFile; productRef = 314996502BCD0D6B00E4E0CF /* SuperUI */; };
		314996532BCD0F2500E4E0CF /* AppHome in Frameworks */ = {isa = PBXBuildFile; productRef = 314996522BCD0F2500E4E0CF /* AppHome */; };
		314996552BCD118400E4E0CF /* Profile in Frameworks */ = {isa = PBXBuildFile; productRef = 314996542BCD118400E4E0CF /* Profile */; };
		314996572BCD172800E4E0CF /* AppRootComponent.swift in Sources */ = {isa = PBXBuildFile; fileRef = 314996562BCD172800E4E0CF /* AppRootComponent.swift */; };
		314996592BCD176800E4E0CF /* TransportImp in Frameworks */ = {isa = PBXBuildFile; productRef = 314996582BCD176800E4E0CF /* TransportImp */; };
		3149965B2BCD33A400E4E0CF /* TopupImp in Frameworks */ = {isa = PBXBuildFile; productRef = 3149965A2BCD33A400E4E0CF /* TopupImp */; };
		3149965D2BCD393100E4E0CF /* AddPaymentMethodImp in Frameworks */ = {isa = PBXBuildFile; productRef = 3149965C2BCD393100E4E0CF /* AddPaymentMethodImp */; };
/* End PBXBuildFile section */

/* Begin PBXContainerItemProxy section */
		3108D1F42BCA0C7A00A91C38 /* PBXContainerItemProxy */ = {
			isa = PBXContainerItemProxy;
			containerPortal = 3108D1D52BCA0C7900A91C38 /* Project object */;
			proxyType = 1;
			remoteGlobalIDString = 3108D1DC2BCA0C7900A91C38;
			remoteInfo = RIBsProject;
		};
		3108D1FE2BCA0C7A00A91C38 /* PBXContainerItemProxy */ = {
			isa = PBXContainerItemProxy;
			containerPortal = 3108D1D52BCA0C7900A91C38 /* Project object */;
			proxyType = 1;
			remoteGlobalIDString = 3108D1DC2BCA0C7900A91C38;
			remoteInfo = RIBsProject;
		};
/* End PBXContainerItemProxy section */

/* Begin PBXFileReference section */
		3108D1DD2BCA0C7900A91C38 /* RIBsProject.app */ = {isa = PBXFileReference; explicitFileType = wrapper.application; includeInIndex = 0; path = RIBsProject.app; sourceTree = BUILT_PRODUCTS_DIR; };
		3108D1E22BCA0C7900A91C38 /* SceneDelegate.swift */ = {isa = PBXFileReference; lastKnownFileType = sourcecode.swift; path = SceneDelegate.swift; sourceTree = "<group>"; };
		3108D1E92BCA0C7A00A91C38 /* Assets.xcassets */ = {isa = PBXFileReference; lastKnownFileType = folder.assetcatalog; path = Assets.xcassets; sourceTree = "<group>"; };
		3108D1EC2BCA0C7A00A91C38 /* Base */ = {isa = PBXFileReference; lastKnownFileType = file.storyboard; name = Base; path = Base.lproj/LaunchScreen.storyboard; sourceTree = "<group>"; };
		3108D1EE2BCA0C7A00A91C38 /* Info.plist */ = {isa = PBXFileReference; lastKnownFileType = text.plist.xml; path = Info.plist; sourceTree = "<group>"; };
		3108D1F32BCA0C7A00A91C38 /* RIBsProjectTests.xctest */ = {isa = PBXFileReference; explicitFileType = wrapper.cfbundle; includeInIndex = 0; path = RIBsProjectTests.xctest; sourceTree = BUILT_PRODUCTS_DIR; };
		3108D1F72BCA0C7A00A91C38 /* RIBsProjectTests.swift */ = {isa = PBXFileReference; lastKnownFileType = sourcecode.swift; path = RIBsProjectTests.swift; sourceTree = "<group>"; };
		3108D1FD2BCA0C7A00A91C38 /* RIBsProjectUITests.xctest */ = {isa = PBXFileReference; explicitFileType = wrapper.cfbundle; includeInIndex = 0; path = RIBsProjectUITests.xctest; sourceTree = BUILT_PRODUCTS_DIR; };
		3108D2012BCA0C7A00A91C38 /* RIBsProjectUITests.swift */ = {isa = PBXFileReference; lastKnownFileType = sourcecode.swift; path = RIBsProjectUITests.swift; sourceTree = "<group>"; };
		3108D2032BCA0C7A00A91C38 /* RIBsProjectUITestsLaunchTests.swift */ = {isa = PBXFileReference; lastKnownFileType = sourcecode.swift; path = RIBsProjectUITestsLaunchTests.swift; sourceTree = "<group>"; };
		3108D22E2BCA0DA500A91C38 /* AppComponent.swift */ = {isa = PBXFileReference; fileEncoding = 4; lastKnownFileType = sourcecode.swift; path = AppComponent.swift; sourceTree = "<group>"; };
		3108D22F2BCA0DA500A91C38 /* AppDelegate.swift */ = {isa = PBXFileReference; fileEncoding = 4; lastKnownFileType = sourcecode.swift; path = AppDelegate.swift; sourceTree = "<group>"; };
		3108D23B2BCA0DA500A91C38 /* AppRootBuilder.swift */ = {isa = PBXFileReference; fileEncoding = 4; lastKnownFileType = sourcecode.swift; path = AppRootBuilder.swift; sourceTree = "<group>"; };
		3108D23C2BCA0DA500A91C38 /* AppRootInteractor.swift */ = {isa = PBXFileReference; fileEncoding = 4; lastKnownFileType = sourcecode.swift; path = AppRootInteractor.swift; sourceTree = "<group>"; };
		3108D23D2BCA0DA500A91C38 /* AppRootRouter.swift */ = {isa = PBXFileReference; fileEncoding = 4; lastKnownFileType = sourcecode.swift; path = AppRootRouter.swift; sourceTree = "<group>"; };
		3108D23E2BCA0DA500A91C38 /* RootTabBarController.swift */ = {isa = PBXFileReference; fileEncoding = 4; lastKnownFileType = sourcecode.swift; path = RootTabBarController.swift; sourceTree = "<group>"; };
		3108D2C02BCBFD7F00A91C38 /* CX */ = {isa = PBXFileReference; lastKnownFileType = wrapper; path = CX; sourceTree = "<group>"; };
		3108D2C12BCBFD9000A91C38 /* TransportHome */ = {isa = PBXFileReference; lastKnownFileType = wrapper; path = TransportHome; sourceTree = "<group>"; };
		3108D2C22BCBFDA900A91C38 /* ProfileHome */ = {isa = PBXFileReference; lastKnownFileType = wrapper; path = ProfileHome; sourceTree = "<group>"; };
		3108D2C32BCBFDB400A91C38 /* Platform */ = {isa = PBXFileReference; lastKnownFileType = wrapper; path = Platform; sourceTree = "<group>"; };
		3108D2C42BCBFE3400A91C38 /* FinaceHome */ = {isa = PBXFileReference; lastKnownFileType = wrapper; path = FinaceHome; sourceTree = "<group>"; };
		314996562BCD172800E4E0CF /* AppRootComponent.swift */ = {isa = PBXFileReference; lastKnownFileType = sourcecode.swift; path = AppRootComponent.swift; sourceTree = "<group>"; };
/* End PBXFileReference section */

/* Begin PBXFrameworksBuildPhase section */
		3108D1DA2BCA0C7900A91C38 /* Frameworks */ = {
			isa = PBXFrameworksBuildPhase;
			buildActionMask = 2147483647;
			files = (
				3108D2CD2BCCF1CD00A91C38 /* FinanceRepository in Frameworks */,
				3149965D2BCD393100E4E0CF /* AddPaymentMethodImp in Frameworks */,
				314996532BCD0F2500E4E0CF /* AppHome in Frameworks */,
				3108D2DD2BCD0B0600A91C38 /* Transport in Frameworks */,
				314996552BCD118400E4E0CF /* Profile in Frameworks */,
				3108D2C72BCC1BD100A91C38 /* AddPaymentMethod in Frameworks */,
				314996512BCD0D6B00E4E0CF /* SuperUI in Frameworks */,
				3149965B2BCD33A400E4E0CF /* TopupImp in Frameworks */,
				3108D2682BCA0DCC00A91C38 /* SnapKit in Frameworks */,
				3108D2DB2BCD096000A91C38 /* Finance in Frameworks */,
				3108D26E2BCA280B00A91C38 /* CombineExt in Frameworks */,
				314996592BCD176800E4E0CF /* TransportImp in Frameworks */,
				3108D2D92BCCF4A100A91C38 /* Topup in Frameworks */,
				3108D2CB2BCCF1CD00A91C38 /* FinanceEntity in Frameworks */,
				3108D2CF2BCCF1CD00A91C38 /* CombineUtil in Frameworks */,
				3108D2D12BCCF1CD00A91C38 /* RIBsUtil in Frameworks */,
				3108D26B2BCA0DD500A91C38 /* ModernRIBs in Frameworks */,
			);
			runOnlyForDeploymentPostprocessing = 0;
		};
		3108D1F02BCA0C7A00A91C38 /* Frameworks */ = {
			isa = PBXFrameworksBuildPhase;
			buildActionMask = 2147483647;
			files = (
			);
			runOnlyForDeploymentPostprocessing = 0;
		};
		3108D1FA2BCA0C7A00A91C38 /* Frameworks */ = {
			isa = PBXFrameworksBuildPhase;
			buildActionMask = 2147483647;
			files = (
			);
			runOnlyForDeploymentPostprocessing = 0;
		};
/* End PBXFrameworksBuildPhase section */

/* Begin PBXGroup section */
		3108D1D42BCA0C7900A91C38 = {
			isa = PBXGroup;
			children = (
				3108D2C42BCBFE3400A91C38 /* FinaceHome */,
				3108D2C32BCBFDB400A91C38 /* Platform */,
				3108D2C22BCBFDA900A91C38 /* ProfileHome */,
				3108D2C12BCBFD9000A91C38 /* TransportHome */,
				3108D2C02BCBFD7F00A91C38 /* CX */,
				3108D1DF2BCA0C7900A91C38 /* RIBsProject */,
				3108D1F62BCA0C7A00A91C38 /* RIBsProjectTests */,
				3108D2002BCA0C7A00A91C38 /* RIBsProjectUITests */,
				3108D1DE2BCA0C7900A91C38 /* Products */,
				3108D2C52BCC1BD100A91C38 /* Frameworks */,
			);
			sourceTree = "<group>";
		};
		3108D1DE2BCA0C7900A91C38 /* Products */ = {
			isa = PBXGroup;
			children = (
				3108D1DD2BCA0C7900A91C38 /* RIBsProject.app */,
				3108D1F32BCA0C7A00A91C38 /* RIBsProjectTests.xctest */,
				3108D1FD2BCA0C7A00A91C38 /* RIBsProjectUITests.xctest */,
			);
			name = Products;
			sourceTree = "<group>";
		};
		3108D1DF2BCA0C7900A91C38 /* RIBsProject */ = {
			isa = PBXGroup;
			children = (
				3108D2302BCA0DA500A91C38 /* AppDelegate */,
				3108D23F2BCA0DA500A91C38 /* AppRoot */,
				3108D1E92BCA0C7A00A91C38 /* Assets.xcassets */,
				3108D1EB2BCA0C7A00A91C38 /* LaunchScreen.storyboard */,
				3108D1EE2BCA0C7A00A91C38 /* Info.plist */,
			);
			path = RIBsProject;
			sourceTree = "<group>";
		};
		3108D1F62BCA0C7A00A91C38 /* RIBsProjectTests */ = {
			isa = PBXGroup;
			children = (
				3108D1F72BCA0C7A00A91C38 /* RIBsProjectTests.swift */,
			);
			path = RIBsProjectTests;
			sourceTree = "<group>";
		};
		3108D2002BCA0C7A00A91C38 /* RIBsProjectUITests */ = {
			isa = PBXGroup;
			children = (
				3108D2012BCA0C7A00A91C38 /* RIBsProjectUITests.swift */,
				3108D2032BCA0C7A00A91C38 /* RIBsProjectUITestsLaunchTests.swift */,
			);
			path = RIBsProjectUITests;
			sourceTree = "<group>";
		};
		3108D2302BCA0DA500A91C38 /* AppDelegate */ = {
			isa = PBXGroup;
			children = (
				3108D22E2BCA0DA500A91C38 /* AppComponent.swift */,
				3108D22F2BCA0DA500A91C38 /* AppDelegate.swift */,
				3108D1E22BCA0C7900A91C38 /* SceneDelegate.swift */,
			);
			path = AppDelegate;
			sourceTree = "<group>";
		};
		3108D23F2BCA0DA500A91C38 /* AppRoot */ = {
			isa = PBXGroup;
			children = (
				3108D23B2BCA0DA500A91C38 /* AppRootBuilder.swift */,
				3108D23C2BCA0DA500A91C38 /* AppRootInteractor.swift */,
				3108D23D2BCA0DA500A91C38 /* AppRootRouter.swift */,
				3108D23E2BCA0DA500A91C38 /* RootTabBarController.swift */,
				314996562BCD172800E4E0CF /* AppRootComponent.swift */,
			);
			path = AppRoot;
			sourceTree = "<group>";
		};
		3108D2C52BCC1BD100A91C38 /* Frameworks */ = {
			isa = PBXGroup;
			children = (
			);
			name = Frameworks;
			sourceTree = "<group>";
		};
/* End PBXGroup section */

/* Begin PBXNativeTarget section */
		3108D1DC2BCA0C7900A91C38 /* RIBsProject */ = {
			isa = PBXNativeTarget;
			buildConfigurationList = 3108D2072BCA0C7A00A91C38 /* Build configuration list for PBXNativeTarget "RIBsProject" */;
			buildPhases = (
				3108D1D92BCA0C7900A91C38 /* Sources */,
				3108D1DA2BCA0C7900A91C38 /* Frameworks */,
				3108D1DB2BCA0C7900A91C38 /* Resources */,
			);
			buildRules = (
			);
			dependencies = (
			);
			name = RIBsProject;
			packageProductDependencies = (
				3108D2672BCA0DCC00A91C38 /* SnapKit */,
				3108D26A2BCA0DD500A91C38 /* ModernRIBs */,
				3108D26D2BCA280B00A91C38 /* CombineExt */,
				3108D2C62BCC1BD100A91C38 /* AddPaymentMethod */,
				3108D2CA2BCCF1CD00A91C38 /* FinanceEntity */,
				3108D2CC2BCCF1CD00A91C38 /* FinanceRepository */,
				3108D2CE2BCCF1CD00A91C38 /* CombineUtil */,
				3108D2D02BCCF1CD00A91C38 /* RIBsUtil */,
				3108D2D82BCCF4A100A91C38 /* Topup */,
				3108D2DA2BCD096000A91C38 /* Finance */,
				3108D2DC2BCD0B0600A91C38 /* Transport */,
				314996502BCD0D6B00E4E0CF /* SuperUI */,
				314996522BCD0F2500E4E0CF /* AppHome */,
				314996542BCD118400E4E0CF /* Profile */,
				314996582BCD176800E4E0CF /* TransportImp */,
				3149965A2BCD33A400E4E0CF /* TopupImp */,
				3149965C2BCD393100E4E0CF /* AddPaymentMethodImp */,
			);
			productName = RIBsProject;
			productReference = 3108D1DD2BCA0C7900A91C38 /* RIBsProject.app */;
			productType = "com.apple.product-type.application";
		};
		3108D1F22BCA0C7A00A91C38 /* RIBsProjectTests */ = {
			isa = PBXNativeTarget;
			buildConfigurationList = 3108D20A2BCA0C7A00A91C38 /* Build configuration list for PBXNativeTarget "RIBsProjectTests" */;
			buildPhases = (
				3108D1EF2BCA0C7A00A91C38 /* Sources */,
				3108D1F02BCA0C7A00A91C38 /* Frameworks */,
				3108D1F12BCA0C7A00A91C38 /* Resources */,
			);
			buildRules = (
			);
			dependencies = (
				3108D1F52BCA0C7A00A91C38 /* PBXTargetDependency */,
			);
			name = RIBsProjectTests;
			productName = RIBsProjectTests;
			productReference = 3108D1F32BCA0C7A00A91C38 /* RIBsProjectTests.xctest */;
			productType = "com.apple.product-type.bundle.unit-test";
		};
		3108D1FC2BCA0C7A00A91C38 /* RIBsProjectUITests */ = {
			isa = PBXNativeTarget;
			buildConfigurationList = 3108D20D2BCA0C7A00A91C38 /* Build configuration list for PBXNativeTarget "RIBsProjectUITests" */;
			buildPhases = (
				3108D1F92BCA0C7A00A91C38 /* Sources */,
				3108D1FA2BCA0C7A00A91C38 /* Frameworks */,
				3108D1FB2BCA0C7A00A91C38 /* Resources */,
			);
			buildRules = (
			);
			dependencies = (
				3108D1FF2BCA0C7A00A91C38 /* PBXTargetDependency */,
			);
			name = RIBsProjectUITests;
			productName = RIBsProjectUITests;
			productReference = 3108D1FD2BCA0C7A00A91C38 /* RIBsProjectUITests.xctest */;
			productType = "com.apple.product-type.bundle.ui-testing";
		};
/* End PBXNativeTarget section */

/* Begin PBXProject section */
		3108D1D52BCA0C7900A91C38 /* Project object */ = {
			isa = PBXProject;
			attributes = {
				BuildIndependentTargetsInParallel = 1;
				LastSwiftUpdateCheck = 1530;
				LastUpgradeCheck = 1530;
				TargetAttributes = {
					3108D1DC2BCA0C7900A91C38 = {
						CreatedOnToolsVersion = 15.3;
					};
					3108D1F22BCA0C7A00A91C38 = {
						CreatedOnToolsVersion = 15.3;
						TestTargetID = 3108D1DC2BCA0C7900A91C38;
					};
					3108D1FC2BCA0C7A00A91C38 = {
						CreatedOnToolsVersion = 15.3;
						TestTargetID = 3108D1DC2BCA0C7900A91C38;
					};
				};
			};
			buildConfigurationList = 3108D1D82BCA0C7900A91C38 /* Build configuration list for PBXProject "RIBsProject" */;
			compatibilityVersion = "Xcode 14.0";
			developmentRegion = en;
			hasScannedForEncodings = 0;
			knownRegions = (
				en,
				Base,
			);
			mainGroup = 3108D1D42BCA0C7900A91C38;
			packageReferences = (
				3108D2662BCA0DCC00A91C38 /* XCRemoteSwiftPackageReference "SnapKit" */,
				3108D2692BCA0DD500A91C38 /* XCRemoteSwiftPackageReference "ModernRIBs" */,
				3108D26C2BCA280B00A91C38 /* XCRemoteSwiftPackageReference "CombineExt" */,
			);
			productRefGroup = 3108D1DE2BCA0C7900A91C38 /* Products */;
			projectDirPath = "";
			projectRoot = "";
			targets = (
				3108D1DC2BCA0C7900A91C38 /* RIBsProject */,
				3108D1F22BCA0C7A00A91C38 /* RIBsProjectTests */,
				3108D1FC2BCA0C7A00A91C38 /* RIBsProjectUITests */,
			);
		};
/* End PBXProject section */

/* Begin PBXResourcesBuildPhase section */
		3108D1DB2BCA0C7900A91C38 /* Resources */ = {
			isa = PBXResourcesBuildPhase;
			buildActionMask = 2147483647;
			files = (
				3108D1EA2BCA0C7A00A91C38 /* Assets.xcassets in Resources */,
				3108D1ED2BCA0C7A00A91C38 /* Base in Resources */,
			);
			runOnlyForDeploymentPostprocessing = 0;
		};
		3108D1F12BCA0C7A00A91C38 /* Resources */ = {
			isa = PBXResourcesBuildPhase;
			buildActionMask = 2147483647;
			files = (
			);
			runOnlyForDeploymentPostprocessing = 0;
		};
		3108D1FB2BCA0C7A00A91C38 /* Resources */ = {
			isa = PBXResourcesBuildPhase;
			buildActionMask = 2147483647;
			files = (
			);
			runOnlyForDeploymentPostprocessing = 0;
		};
/* End PBXResourcesBuildPhase section */

/* Begin PBXSourcesBuildPhase section */
		3108D1D92BCA0C7900A91C38 /* Sources */ = {
			isa = PBXSourcesBuildPhase;
			buildActionMask = 2147483647;
			files = (
				3108D2652BCA0DA600A91C38 /* RootTabBarController.swift in Sources */,
				314996572BCD172800E4E0CF /* AppRootComponent.swift in Sources */,
				3108D1E32BCA0C7900A91C38 /* SceneDelegate.swift in Sources */,
				3108D2642BCA0DA600A91C38 /* AppRootRouter.swift in Sources */,
				3108D2582BCA0DA600A91C38 /* AppComponent.swift in Sources */,
				3108D2592BCA0DA600A91C38 /* AppDelegate.swift in Sources */,
				3108D2632BCA0DA600A91C38 /* AppRootInteractor.swift in Sources */,
				3108D2622BCA0DA600A91C38 /* AppRootBuilder.swift in Sources */,
			);
			runOnlyForDeploymentPostprocessing = 0;
		};
		3108D1EF2BCA0C7A00A91C38 /* Sources */ = {
			isa = PBXSourcesBuildPhase;
			buildActionMask = 2147483647;
			files = (
				3108D1F82BCA0C7A00A91C38 /* RIBsProjectTests.swift in Sources */,
			);
			runOnlyForDeploymentPostprocessing = 0;
		};
		3108D1F92BCA0C7A00A91C38 /* Sources */ = {
			isa = PBXSourcesBuildPhase;
			buildActionMask = 2147483647;
			files = (
				3108D2042BCA0C7A00A91C38 /* RIBsProjectUITestsLaunchTests.swift in Sources */,
				3108D2022BCA0C7A00A91C38 /* RIBsProjectUITests.swift in Sources */,
			);
			runOnlyForDeploymentPostprocessing = 0;
		};
/* End PBXSourcesBuildPhase section */

/* Begin PBXTargetDependency section */
		3108D1F52BCA0C7A00A91C38 /* PBXTargetDependency */ = {
			isa = PBXTargetDependency;
			target = 3108D1DC2BCA0C7900A91C38 /* RIBsProject */;
			targetProxy = 3108D1F42BCA0C7A00A91C38 /* PBXContainerItemProxy */;
		};
		3108D1FF2BCA0C7A00A91C38 /* PBXTargetDependency */ = {
			isa = PBXTargetDependency;
			target = 3108D1DC2BCA0C7900A91C38 /* RIBsProject */;
			targetProxy = 3108D1FE2BCA0C7A00A91C38 /* PBXContainerItemProxy */;
		};
/* End PBXTargetDependency section */

/* Begin PBXVariantGroup section */
		3108D1EB2BCA0C7A00A91C38 /* LaunchScreen.storyboard */ = {
			isa = PBXVariantGroup;
			children = (
				3108D1EC2BCA0C7A00A91C38 /* Base */,
			);
			name = LaunchScreen.storyboard;
			sourceTree = "<group>";
		};
/* End PBXVariantGroup section */

/* Begin XCBuildConfiguration section */
		3108D2052BCA0C7A00A91C38 /* Debug */ = {
			isa = XCBuildConfiguration;
			buildSettings = {
				ALWAYS_SEARCH_USER_PATHS = NO;
				ASSETCATALOG_COMPILER_GENERATE_SWIFT_ASSET_SYMBOL_EXTENSIONS = YES;
				CLANG_ANALYZER_NONNULL = YES;
				CLANG_ANALYZER_NUMBER_OBJECT_CONVERSION = YES_AGGRESSIVE;
				CLANG_CXX_LANGUAGE_STANDARD = "gnu++20";
				CLANG_ENABLE_MODULES = YES;
				CLANG_ENABLE_OBJC_ARC = YES;
				CLANG_ENABLE_OBJC_WEAK = YES;
				CLANG_WARN_BLOCK_CAPTURE_AUTORELEASING = YES;
				CLANG_WARN_BOOL_CONVERSION = YES;
				CLANG_WARN_COMMA = YES;
				CLANG_WARN_CONSTANT_CONVERSION = YES;
				CLANG_WARN_DEPRECATED_OBJC_IMPLEMENTATIONS = YES;
				CLANG_WARN_DIRECT_OBJC_ISA_USAGE = YES_ERROR;
				CLANG_WARN_DOCUMENTATION_COMMENTS = YES;
				CLANG_WARN_EMPTY_BODY = YES;
				CLANG_WARN_ENUM_CONVERSION = YES;
				CLANG_WARN_INFINITE_RECURSION = YES;
				CLANG_WARN_INT_CONVERSION = YES;
				CLANG_WARN_NON_LITERAL_NULL_CONVERSION = YES;
				CLANG_WARN_OBJC_IMPLICIT_RETAIN_SELF = YES;
				CLANG_WARN_OBJC_LITERAL_CONVERSION = YES;
				CLANG_WARN_OBJC_ROOT_CLASS = YES_ERROR;
				CLANG_WARN_QUOTED_INCLUDE_IN_FRAMEWORK_HEADER = YES;
				CLANG_WARN_RANGE_LOOP_ANALYSIS = YES;
				CLANG_WARN_STRICT_PROTOTYPES = YES;
				CLANG_WARN_SUSPICIOUS_MOVE = YES;
				CLANG_WARN_UNGUARDED_AVAILABILITY = YES_AGGRESSIVE;
				CLANG_WARN_UNREACHABLE_CODE = YES;
				CLANG_WARN__DUPLICATE_METHOD_MATCH = YES;
				COPY_PHASE_STRIP = NO;
				DEBUG_INFORMATION_FORMAT = dwarf;
				ENABLE_STRICT_OBJC_MSGSEND = YES;
				ENABLE_TESTABILITY = YES;
				ENABLE_USER_SCRIPT_SANDBOXING = YES;
				GCC_C_LANGUAGE_STANDARD = gnu17;
				GCC_DYNAMIC_NO_PIC = NO;
				GCC_NO_COMMON_BLOCKS = YES;
				GCC_OPTIMIZATION_LEVEL = 0;
				GCC_PREPROCESSOR_DEFINITIONS = (
					"DEBUG=1",
					"$(inherited)",
				);
				GCC_WARN_64_TO_32_BIT_CONVERSION = YES;
				GCC_WARN_ABOUT_RETURN_TYPE = YES_ERROR;
				GCC_WARN_UNDECLARED_SELECTOR = YES;
				GCC_WARN_UNINITIALIZED_AUTOS = YES_AGGRESSIVE;
				GCC_WARN_UNUSED_FUNCTION = YES;
				GCC_WARN_UNUSED_VARIABLE = YES;
				IPHONEOS_DEPLOYMENT_TARGET = 13.0;
				LOCALIZATION_PREFERS_STRING_CATALOGS = YES;
				MTL_ENABLE_DEBUG_INFO = INCLUDE_SOURCE;
				MTL_FAST_MATH = YES;
				ONLY_ACTIVE_ARCH = YES;
				SDKROOT = iphoneos;
				SWIFT_ACTIVE_COMPILATION_CONDITIONS = "DEBUG $(inherited)";
				SWIFT_OPTIMIZATION_LEVEL = "-Onone";
			};
			name = Debug;
		};
		3108D2062BCA0C7A00A91C38 /* Release */ = {
			isa = XCBuildConfiguration;
			buildSettings = {
				ALWAYS_SEARCH_USER_PATHS = NO;
				ASSETCATALOG_COMPILER_GENERATE_SWIFT_ASSET_SYMBOL_EXTENSIONS = YES;
				CLANG_ANALYZER_NONNULL = YES;
				CLANG_ANALYZER_NUMBER_OBJECT_CONVERSION = YES_AGGRESSIVE;
				CLANG_CXX_LANGUAGE_STANDARD = "gnu++20";
				CLANG_ENABLE_MODULES = YES;
				CLANG_ENABLE_OBJC_ARC = YES;
				CLANG_ENABLE_OBJC_WEAK = YES;
				CLANG_WARN_BLOCK_CAPTURE_AUTORELEASING = YES;
				CLANG_WARN_BOOL_CONVERSION = YES;
				CLANG_WARN_COMMA = YES;
				CLANG_WARN_CONSTANT_CONVERSION = YES;
				CLANG_WARN_DEPRECATED_OBJC_IMPLEMENTATIONS = YES;
				CLANG_WARN_DIRECT_OBJC_ISA_USAGE = YES_ERROR;
				CLANG_WARN_DOCUMENTATION_COMMENTS = YES;
				CLANG_WARN_EMPTY_BODY = YES;
				CLANG_WARN_ENUM_CONVERSION = YES;
				CLANG_WARN_INFINITE_RECURSION = YES;
				CLANG_WARN_INT_CONVERSION = YES;
				CLANG_WARN_NON_LITERAL_NULL_CONVERSION = YES;
				CLANG_WARN_OBJC_IMPLICIT_RETAIN_SELF = YES;
				CLANG_WARN_OBJC_LITERAL_CONVERSION = YES;
				CLANG_WARN_OBJC_ROOT_CLASS = YES_ERROR;
				CLANG_WARN_QUOTED_INCLUDE_IN_FRAMEWORK_HEADER = YES;
				CLANG_WARN_RANGE_LOOP_ANALYSIS = YES;
				CLANG_WARN_STRICT_PROTOTYPES = YES;
				CLANG_WARN_SUSPICIOUS_MOVE = YES;
				CLANG_WARN_UNGUARDED_AVAILABILITY = YES_AGGRESSIVE;
				CLANG_WARN_UNREACHABLE_CODE = YES;
				CLANG_WARN__DUPLICATE_METHOD_MATCH = YES;
				COPY_PHASE_STRIP = NO;
				DEBUG_INFORMATION_FORMAT = "dwarf-with-dsym";
				ENABLE_NS_ASSERTIONS = NO;
				ENABLE_STRICT_OBJC_MSGSEND = YES;
				ENABLE_USER_SCRIPT_SANDBOXING = YES;
				GCC_C_LANGUAGE_STANDARD = gnu17;
				GCC_NO_COMMON_BLOCKS = YES;
				GCC_WARN_64_TO_32_BIT_CONVERSION = YES;
				GCC_WARN_ABOUT_RETURN_TYPE = YES_ERROR;
				GCC_WARN_UNDECLARED_SELECTOR = YES;
				GCC_WARN_UNINITIALIZED_AUTOS = YES_AGGRESSIVE;
				GCC_WARN_UNUSED_FUNCTION = YES;
				GCC_WARN_UNUSED_VARIABLE = YES;
				IPHONEOS_DEPLOYMENT_TARGET = 13.0;
				LOCALIZATION_PREFERS_STRING_CATALOGS = YES;
				MTL_ENABLE_DEBUG_INFO = NO;
				MTL_FAST_MATH = YES;
				SDKROOT = iphoneos;
				SWIFT_COMPILATION_MODE = wholemodule;
				VALIDATE_PRODUCT = YES;
			};
			name = Release;
		};
		3108D2082BCA0C7A00A91C38 /* Debug */ = {
			isa = XCBuildConfiguration;
			buildSettings = {
				ASSETCATALOG_COMPILER_APPICON_NAME = AppIcon;
				ASSETCATALOG_COMPILER_GLOBAL_ACCENT_COLOR_NAME = AccentColor;
				CODE_SIGN_STYLE = Automatic;
				CURRENT_PROJECT_VERSION = 1;
				DEVELOPMENT_TEAM = GEVR48D2FT;
				GENERATE_INFOPLIST_FILE = YES;
				INFOPLIST_FILE = RIBsProject/Info.plist;
				INFOPLIST_KEY_UIApplicationSupportsIndirectInputEvents = YES;
				INFOPLIST_KEY_UILaunchStoryboardName = LaunchScreen;
				INFOPLIST_KEY_UISupportedInterfaceOrientations_iPad = "UIInterfaceOrientationPortrait UIInterfaceOrientationPortraitUpsideDown UIInterfaceOrientationLandscapeLeft UIInterfaceOrientationLandscapeRight";
				INFOPLIST_KEY_UISupportedInterfaceOrientations_iPhone = "UIInterfaceOrientationPortrait UIInterfaceOrientationLandscapeLeft UIInterfaceOrientationLandscapeRight";
				IPHONEOS_DEPLOYMENT_TARGET = 13.0;
				LD_RUNPATH_SEARCH_PATHS = (
					"$(inherited)",
					"@executable_path/Frameworks",
				);
				MARKETING_VERSION = 1.0;
				PRODUCT_BUNDLE_IDENTIFIER = kimsoomin.RIBsProject;
				PRODUCT_NAME = "$(TARGET_NAME)";
				SWIFT_EMIT_LOC_STRINGS = YES;
				SWIFT_VERSION = 5.0;
				TARGETED_DEVICE_FAMILY = "1,2";
			};
			name = Debug;
		};
		3108D2092BCA0C7A00A91C38 /* Release */ = {
			isa = XCBuildConfiguration;
			buildSettings = {
				ASSETCATALOG_COMPILER_APPICON_NAME = AppIcon;
				ASSETCATALOG_COMPILER_GLOBAL_ACCENT_COLOR_NAME = AccentColor;
				CODE_SIGN_STYLE = Automatic;
				CURRENT_PROJECT_VERSION = 1;
				DEVELOPMENT_TEAM = GEVR48D2FT;
				GENERATE_INFOPLIST_FILE = YES;
				INFOPLIST_FILE = RIBsProject/Info.plist;
				INFOPLIST_KEY_UIApplicationSupportsIndirectInputEvents = YES;
				INFOPLIST_KEY_UILaunchStoryboardName = LaunchScreen;
				INFOPLIST_KEY_UISupportedInterfaceOrientations_iPad = "UIInterfaceOrientationPortrait UIInterfaceOrientationPortraitUpsideDown UIInterfaceOrientationLandscapeLeft UIInterfaceOrientationLandscapeRight";
				INFOPLIST_KEY_UISupportedInterfaceOrientations_iPhone = "UIInterfaceOrientationPortrait UIInterfaceOrientationLandscapeLeft UIInterfaceOrientationLandscapeRight";
				IPHONEOS_DEPLOYMENT_TARGET = 13.0;
				LD_RUNPATH_SEARCH_PATHS = (
					"$(inherited)",
					"@executable_path/Frameworks",
				);
				MARKETING_VERSION = 1.0;
				PRODUCT_BUNDLE_IDENTIFIER = kimsoomin.RIBsProject;
				PRODUCT_NAME = "$(TARGET_NAME)";
				SWIFT_EMIT_LOC_STRINGS = YES;
				SWIFT_VERSION = 5.0;
				TARGETED_DEVICE_FAMILY = "1,2";
			};
			name = Release;
		};
		3108D20B2BCA0C7A00A91C38 /* Debug */ = {
			isa = XCBuildConfiguration;
			buildSettings = {
				ALWAYS_EMBED_SWIFT_STANDARD_LIBRARIES = YES;
				BUNDLE_LOADER = "$(TEST_HOST)";
				CODE_SIGN_STYLE = Automatic;
				CURRENT_PROJECT_VERSION = 1;
				DEVELOPMENT_TEAM = GEVR48D2FT;
				GENERATE_INFOPLIST_FILE = YES;
				IPHONEOS_DEPLOYMENT_TARGET = 17.4;
				MARKETING_VERSION = 1.0;
				PRODUCT_BUNDLE_IDENTIFIER = kimsoomin.RIBsProjectTests;
				PRODUCT_NAME = "$(TARGET_NAME)";
				SWIFT_EMIT_LOC_STRINGS = NO;
				SWIFT_VERSION = 5.0;
				TARGETED_DEVICE_FAMILY = "1,2";
				TEST_HOST = "$(BUILT_PRODUCTS_DIR)/RIBsProject.app/$(BUNDLE_EXECUTABLE_FOLDER_PATH)/RIBsProject";
			};
			name = Debug;
		};
		3108D20C2BCA0C7A00A91C38 /* Release */ = {
			isa = XCBuildConfiguration;
			buildSettings = {
				ALWAYS_EMBED_SWIFT_STANDARD_LIBRARIES = YES;
				BUNDLE_LOADER = "$(TEST_HOST)";
				CODE_SIGN_STYLE = Automatic;
				CURRENT_PROJECT_VERSION = 1;
				DEVELOPMENT_TEAM = GEVR48D2FT;
				GENERATE_INFOPLIST_FILE = YES;
				IPHONEOS_DEPLOYMENT_TARGET = 17.4;
				MARKETING_VERSION = 1.0;
				PRODUCT_BUNDLE_IDENTIFIER = kimsoomin.RIBsProjectTests;
				PRODUCT_NAME = "$(TARGET_NAME)";
				SWIFT_EMIT_LOC_STRINGS = NO;
				SWIFT_VERSION = 5.0;
				TARGETED_DEVICE_FAMILY = "1,2";
				TEST_HOST = "$(BUILT_PRODUCTS_DIR)/RIBsProject.app/$(BUNDLE_EXECUTABLE_FOLDER_PATH)/RIBsProject";
			};
			name = Release;
		};
		3108D20E2BCA0C7A00A91C38 /* Debug */ = {
			isa = XCBuildConfiguration;
			buildSettings = {
				ALWAYS_EMBED_SWIFT_STANDARD_LIBRARIES = YES;
				CODE_SIGN_STYLE = Automatic;
				CURRENT_PROJECT_VERSION = 1;
				DEVELOPMENT_TEAM = GEVR48D2FT;
				GENERATE_INFOPLIST_FILE = YES;
				MARKETING_VERSION = 1.0;
				PRODUCT_BUNDLE_IDENTIFIER = kimsoomin.RIBsProjectUITests;
				PRODUCT_NAME = "$(TARGET_NAME)";
				SWIFT_EMIT_LOC_STRINGS = NO;
				SWIFT_VERSION = 5.0;
				TARGETED_DEVICE_FAMILY = "1,2";
				TEST_TARGET_NAME = RIBsProject;
			};
			name = Debug;
		};
		3108D20F2BCA0C7A00A91C38 /* Release */ = {
			isa = XCBuildConfiguration;
			buildSettings = {
				ALWAYS_EMBED_SWIFT_STANDARD_LIBRARIES = YES;
				CODE_SIGN_STYLE = Automatic;
				CURRENT_PROJECT_VERSION = 1;
				DEVELOPMENT_TEAM = GEVR48D2FT;
				GENERATE_INFOPLIST_FILE = YES;
				MARKETING_VERSION = 1.0;
				PRODUCT_BUNDLE_IDENTIFIER = kimsoomin.RIBsProjectUITests;
				PRODUCT_NAME = "$(TARGET_NAME)";
				SWIFT_EMIT_LOC_STRINGS = NO;
				SWIFT_VERSION = 5.0;
				TARGETED_DEVICE_FAMILY = "1,2";
				TEST_TARGET_NAME = RIBsProject;
			};
			name = Release;
		};
/* End XCBuildConfiguration section */

/* Begin XCConfigurationList section */
		3108D1D82BCA0C7900A91C38 /* Build configuration list for PBXProject "RIBsProject" */ = {
			isa = XCConfigurationList;
			buildConfigurations = (
				3108D2052BCA0C7A00A91C38 /* Debug */,
				3108D2062BCA0C7A00A91C38 /* Release */,
			);
			defaultConfigurationIsVisible = 0;
			defaultConfigurationName = Release;
		};
		3108D2072BCA0C7A00A91C38 /* Build configuration list for PBXNativeTarget "RIBsProject" */ = {
			isa = XCConfigurationList;
			buildConfigurations = (
				3108D2082BCA0C7A00A91C38 /* Debug */,
				3108D2092BCA0C7A00A91C38 /* Release */,
			);
			defaultConfigurationIsVisible = 0;
			defaultConfigurationName = Release;
		};
		3108D20A2BCA0C7A00A91C38 /* Build configuration list for PBXNativeTarget "RIBsProjectTests" */ = {
			isa = XCConfigurationList;
			buildConfigurations = (
				3108D20B2BCA0C7A00A91C38 /* Debug */,
				3108D20C2BCA0C7A00A91C38 /* Release */,
			);
			defaultConfigurationIsVisible = 0;
			defaultConfigurationName = Release;
		};
		3108D20D2BCA0C7A00A91C38 /* Build configuration list for PBXNativeTarget "RIBsProjectUITests" */ = {
			isa = XCConfigurationList;
			buildConfigurations = (
				3108D20E2BCA0C7A00A91C38 /* Debug */,
				3108D20F2BCA0C7A00A91C38 /* Release */,
			);
			defaultConfigurationIsVisible = 0;
			defaultConfigurationName = Release;
		};
/* End XCConfigurationList section */

/* Begin XCRemoteSwiftPackageReference section */
		3108D2662BCA0DCC00A91C38 /* XCRemoteSwiftPackageReference "SnapKit" */ = {
			isa = XCRemoteSwiftPackageReference;
			repositoryURL = "https://github.com/SnapKit/SnapKit.git";
			requirement = {
				kind = upToNextMajorVersion;
				minimumVersion = 5.7.1;
			};
		};
		3108D2692BCA0DD500A91C38 /* XCRemoteSwiftPackageReference "ModernRIBs" */ = {
			isa = XCRemoteSwiftPackageReference;
			repositoryURL = "https://github.com/DevYeom/ModernRIBs.git";
			requirement = {
				kind = upToNextMajorVersion;
				minimumVersion = 1.0.2;
			};
		};
		3108D26C2BCA280B00A91C38 /* XCRemoteSwiftPackageReference "CombineExt" */ = {
			isa = XCRemoteSwiftPackageReference;
			repositoryURL = "https://github.com/CombineCommunity/CombineExt.git";
			requirement = {
				kind = upToNextMajorVersion;
				minimumVersion = 1.8.1;
			};
		};
/* End XCRemoteSwiftPackageReference section */

/* Begin XCSwiftPackageProductDependency section */
		3108D2672BCA0DCC00A91C38 /* SnapKit */ = {
			isa = XCSwiftPackageProductDependency;
			package = 3108D2662BCA0DCC00A91C38 /* XCRemoteSwiftPackageReference "SnapKit" */;
			productName = SnapKit;
		};
		3108D26A2BCA0DD500A91C38 /* ModernRIBs */ = {
			isa = XCSwiftPackageProductDependency;
			package = 3108D2692BCA0DD500A91C38 /* XCRemoteSwiftPackageReference "ModernRIBs" */;
			productName = ModernRIBs;
		};
		3108D26D2BCA280B00A91C38 /* CombineExt */ = {
			isa = XCSwiftPackageProductDependency;
			package = 3108D26C2BCA280B00A91C38 /* XCRemoteSwiftPackageReference "CombineExt" */;
			productName = CombineExt;
		};
		3108D2C62BCC1BD100A91C38 /* AddPaymentMethod */ = {
			isa = XCSwiftPackageProductDependency;
			productName = AddPaymentMethod;
		};
		3108D2CA2BCCF1CD00A91C38 /* FinanceEntity */ = {
			isa = XCSwiftPackageProductDependency;
			productName = FinanceEntity;
		};
		3108D2CC2BCCF1CD00A91C38 /* FinanceRepository */ = {
			isa = XCSwiftPackageProductDependency;
			productName = FinanceRepository;
		};
		3108D2CE2BCCF1CD00A91C38 /* CombineUtil */ = {
			isa = XCSwiftPackageProductDependency;
			productName = CombineUtil;
		};
		3108D2D02BCCF1CD00A91C38 /* RIBsUtil */ = {
			isa = XCSwiftPackageProductDependency;
			productName = RIBsUtil;
		};
		3108D2D82BCCF4A100A91C38 /* Topup */ = {
			isa = XCSwiftPackageProductDependency;
			productName = Topup;
		};
		3108D2DA2BCD096000A91C38 /* Finance */ = {
			isa = XCSwiftPackageProductDependency;
			productName = Finance;
		};
		3108D2DC2BCD0B0600A91C38 /* Transport */ = {
			isa = XCSwiftPackageProductDependency;
			productName = Transport;
		};
		314996502BCD0D6B00E4E0CF /* SuperUI */ = {
			isa = XCSwiftPackageProductDependency;
			productName = SuperUI;
		};
		314996522BCD0F2500E4E0CF /* AppHome */ = {
			isa = XCSwiftPackageProductDependency;
			productName = AppHome;
		};
		314996542BCD118400E4E0CF /* Profile */ = {
			isa = XCSwiftPackageProductDependency;
			productName = Profile;
		};
		314996582BCD176800E4E0CF /* TransportImp */ = {
			isa = XCSwiftPackageProductDependency;
			productName = TransportImp;
		};
		3149965A2BCD33A400E4E0CF /* TopupImp */ = {
			isa = XCSwiftPackageProductDependency;
			productName = TopupImp;
		};
		3149965C2BCD393100E4E0CF /* AddPaymentMethodImp */ = {
			isa = XCSwiftPackageProductDependency;
			productName = AddPaymentMethodImp;
		};
/* End XCSwiftPackageProductDependency section */
	};
	rootObject = 3108D1D52BCA0C7900A91C38 /* Project object */;
}
